PODS:
  - Alamofire (5.4.3)
  - Kingfisher (6.3.0)
  - Moya (14.0.0):
    - Moya/Core (= 14.0.0)
  - Moya/Core (14.0.0):
    - Alamofire (~> 5.0)
  - Shimmer (1.0.2)
  - Swinject (2.7.1)
  - UIImageColors (2.1.0)

DEPENDENCIES:
  - Kingfisher
  - Moya
  - Shimmer
  - Swinject
  - UIImageColors

SPEC REPOS:
  trunk:
    - Alamofire
    - Kingfisher
    - Moya
    - Shimmer
    - Swinject
    - UIImageColors

SPEC CHECKSUMS:
  Alamofire: e447a2774a40c996748296fa2c55112fdbbc42f9
  Kingfisher: 6c3df386db71d82c0817a429d2c9421a77396529
  Moya: 5b45dacb75adb009f97fde91c204c1e565d31916
  Shimmer: c5374be1c2b0c9e292fb05b339a513cf291cac86
  Swinject: ddf78b8486dd9b71a667b852cad919ab4484478e
  UIImageColors: d2ef3b0877d203cbb06489eeb78ea8b7788caabe

PODFILE CHECKSUM: 9cbe4f97e6800cf5da6a28e808602eaa3a87ec9b

COCOAPODS: 1.10.1
