// !$*UTF8*$!
{
	archiveVersion = 1;
	classes = {
	};
	objectVersion = 51;
	objects = {

/* Begin PBXBuildFile section */
		255A8D8B2BD9B70B7F1E8379 /* Pods_PokedexTests.framework in Frameworks */ = {isa = PBXBuildFile; fileRef = 0EC4BD606B73854AA20980E4 /* Pods_PokedexTests.framework */; };
		89829531BAF3567486E0BAF0 /* Pods_Pokedex.framework in Frameworks */ = {isa = PBXBuildFile; fileRef = 387B9D408AF9EB9388297E5E /* Pods_Pokedex.framework */; };
		943C751726696DFC00585818 /* PokemonTypesViewModel.swift in Sources */ = {isa = PBXBuildFile; fileRef = 943C751626696DFC00585818 /* PokemonTypesViewModel.swift */; };
		943C7526266974FE00585818 /* PokemonTypesScreen.swift in Sources */ = {isa = PBXBuildFile; fileRef = 943C7525266974FE00585818 /* PokemonTypesScreen.swift */; };
		943C752A2669769800585818 /* UIView+Constraints.swift in Sources */ = {isa = PBXBuildFile; fileRef = 943C75292669769800585818 /* UIView+Constraints.swift */; };
		9444F337266C4C170030822A /* PokemonTypeCell.swift in Sources */ = {isa = PBXBuildFile; fileRef = 9444F336266C4C170030822A /* PokemonTypeCell.swift */; };
		9444F3AA266C4D620030822A /* NSObject+Extensions.swift in Sources */ = {isa = PBXBuildFile; fileRef = 9444F3A9266C4D620030822A /* NSObject+Extensions.swift */; };
		9444F3AE266C4E520030822A /* UIView+Extensions.swift in Sources */ = {isa = PBXBuildFile; fileRef = 9444F3AD266C4E520030822A /* UIView+Extensions.swift */; };
		9444F3B3266C591F0030822A /* BaseViewController.swift in Sources */ = {isa = PBXBuildFile; fileRef = 9444F3B2266C591F0030822A /* BaseViewController.swift */; };
		9444F3B9266C5E750030822A /* BaseHeaderView.swift in Sources */ = {isa = PBXBuildFile; fileRef = 9444F3B8266C5E750030822A /* BaseHeaderView.swift */; };
		9444F3BE266C5FC80030822A /* PokemonCell.swift in Sources */ = {isa = PBXBuildFile; fileRef = 9444F3BD266C5FC80030822A /* PokemonCell.swift */; };
		9444F3C2266C63780030822A /* UIColor+Extensions.swift in Sources */ = {isa = PBXBuildFile; fileRef = 9444F3C1266C63780030822A /* UIColor+Extensions.swift */; };
		94A474F2266911E100749133 /* AppDelegate.swift in Sources */ = {isa = PBXBuildFile; fileRef = 94A474F1266911E100749133 /* AppDelegate.swift */; };
		94A474F6266911E100749133 /* PokemonTypesView.swift in Sources */ = {isa = PBXBuildFile; fileRef = 94A474F5266911E100749133 /* PokemonTypesView.swift */; };
		94A474FB266911E200749133 /* Assets.xcassets in Resources */ = {isa = PBXBuildFile; fileRef = 94A474FA266911E200749133 /* Assets.xcassets */; };
		94A474FE266911E200749133 /* LaunchScreen.storyboard in Resources */ = {isa = PBXBuildFile; fileRef = 94A474FC266911E200749133 /* LaunchScreen.storyboard */; };
		94C3AA6A266BE0150070CD53 /* PokemonDTO.swift in Sources */ = {isa = PBXBuildFile; fileRef = 94C3AA69266BE0150070CD53 /* PokemonDTO.swift */; };
		94C3AA6F266BE3D00070CD53 /* PokemonRepositoryTests.swift in Sources */ = {isa = PBXBuildFile; fileRef = 94C3AA6E266BE3D00070CD53 /* PokemonRepositoryTests.swift */; };
		94C3AA76266BE5140070CD53 /* PokemonRemoteDataSourceMock.swift in Sources */ = {isa = PBXBuildFile; fileRef = 94C3AA75266BE5140070CD53 /* PokemonRemoteDataSourceMock.swift */; };
		94C3AA7C266BE5400070CD53 /* GetPokemonTypesUseCaseMock.swift in Sources */ = {isa = PBXBuildFile; fileRef = 94C3AA7B266BE5400070CD53 /* GetPokemonTypesUseCaseMock.swift */; };
		94C3AA80266BE56C0070CD53 /* PokemonTypesRepositoryMock.swift in Sources */ = {isa = PBXBuildFile; fileRef = 94C3AA7F266BE56C0070CD53 /* PokemonTypesRepositoryMock.swift */; };
		94C3AA84266BE8760070CD53 /* Pokemon.swift in Sources */ = {isa = PBXBuildFile; fileRef = 94C3AA83266BE8760070CD53 /* Pokemon.swift */; };
		94C3AA88266BE88D0070CD53 /* PokemonRepository.swift in Sources */ = {isa = PBXBuildFile; fileRef = 94C3AA87266BE88D0070CD53 /* PokemonRepository.swift */; };
		94C3AA8D266BE8C80070CD53 /* PokemonRepositoryImpl.swift in Sources */ = {isa = PBXBuildFile; fileRef = 94C3AA8C266BE8C80070CD53 /* PokemonRepositoryImpl.swift */; };
		94C3AA91266BEC5F0070CD53 /* GetPokemonsUseCaseTests.swift in Sources */ = {isa = PBXBuildFile; fileRef = 94C3AA90266BEC5F0070CD53 /* GetPokemonsUseCaseTests.swift */; };
		94C3AA95266BECF20070CD53 /* PokemonRepositoryMock.swift in Sources */ = {isa = PBXBuildFile; fileRef = 94C3AA94266BECF20070CD53 /* PokemonRepositoryMock.swift */; };
		94C3AA9A266BEE750070CD53 /* GetPokemonsUseCase.swift in Sources */ = {isa = PBXBuildFile; fileRef = 94C3AA99266BEE750070CD53 /* GetPokemonsUseCase.swift */; };
		94C3AAA0266BEE8A0070CD53 /* GetPokemonsUseCaseImpl.swift in Sources */ = {isa = PBXBuildFile; fileRef = 94C3AA9F266BEE8A0070CD53 /* GetPokemonsUseCaseImpl.swift */; };
		94C3AAA4266BEEE70070CD53 /* PokemonsViewModelTests.swift in Sources */ = {isa = PBXBuildFile; fileRef = 94C3AAA3266BEEE70070CD53 /* PokemonsViewModelTests.swift */; };
		94C3AAA8266BF0760070CD53 /* GetPokemonsUseCaseMock.swift in Sources */ = {isa = PBXBuildFile; fileRef = 94C3AAA7266BF0760070CD53 /* GetPokemonsUseCaseMock.swift */; };
		94C3AAAD266BF1880070CD53 /* PokemonsViewModel.swift in Sources */ = {isa = PBXBuildFile; fileRef = 94C3AAAC266BF1880070CD53 /* PokemonsViewModel.swift */; };
		94C3AAB3266BF2750070CD53 /* PokemonsScreen.swift in Sources */ = {isa = PBXBuildFile; fileRef = 94C3AAB2266BF2750070CD53 /* PokemonsScreen.swift */; };
		94C3AAB7266BF29A0070CD53 /* PokemonsView.swift in Sources */ = {isa = PBXBuildFile; fileRef = 94C3AAB6266BF29A0070CD53 /* PokemonsView.swift */; };
		94C3AABB266BF4530070CD53 /* PokemonsCoordinator.swift in Sources */ = {isa = PBXBuildFile; fileRef = 94C3AABA266BF4530070CD53 /* PokemonsCoordinator.swift */; };
		94DED6D426691A6600FBCE58 /* DependencyInjectionManager.swift in Sources */ = {isa = PBXBuildFile; fileRef = 94DED6D326691A6600FBCE58 /* DependencyInjectionManager.swift */; };
		94DED6DD26691ADC00FBCE58 /* AppCoordinator.swift in Sources */ = {isa = PBXBuildFile; fileRef = 94DED6DC26691ADC00FBCE58 /* AppCoordinator.swift */; };
		94DED6E826691B5E00FBCE58 /* Coordinator.swift in Sources */ = {isa = PBXBuildFile; fileRef = 94DED6E726691B5E00FBCE58 /* Coordinator.swift */; };
		94DED74C26691FB500FBCE58 /* GetPokemonTypesUseCaseTests.swift in Sources */ = {isa = PBXBuildFile; fileRef = 94DED74B26691FB500FBCE58 /* GetPokemonTypesUseCaseTests.swift */; };
		94DED75326692A0400FBCE58 /* GetPokemonTypes.swift in Sources */ = {isa = PBXBuildFile; fileRef = 94DED75226692A0400FBCE58 /* GetPokemonTypes.swift */; };
		94DED75726692A1D00FBCE58 /* GetPokemonTypesUseCaseImpl.swift in Sources */ = {isa = PBXBuildFile; fileRef = 94DED75626692A1D00FBCE58 /* GetPokemonTypesUseCaseImpl.swift */; };
		94DED75B26692A3F00FBCE58 /* PokemonTypeRepository.swift in Sources */ = {isa = PBXBuildFile; fileRef = 94DED75A26692A3F00FBCE58 /* PokemonTypeRepository.swift */; };
		94DED76026692A6300FBCE58 /* PokemonType.swift in Sources */ = {isa = PBXBuildFile; fileRef = 94DED75F26692A6300FBCE58 /* PokemonType.swift */; };
		94DED769266959EE00FBCE58 /* PokemonTypeRepositoryTests.swift in Sources */ = {isa = PBXBuildFile; fileRef = 94DED768266959EE00FBCE58 /* PokemonTypeRepositoryTests.swift */; };
		94DED77026695EBB00FBCE58 /* PokemonTypeRepositoryImpl.swift in Sources */ = {isa = PBXBuildFile; fileRef = 94DED76F26695EBB00FBCE58 /* PokemonTypeRepositoryImpl.swift */; };
		94DED77626695ED300FBCE58 /* PokemonRemoteDataSource.swift in Sources */ = {isa = PBXBuildFile; fileRef = 94DED77526695ED300FBCE58 /* PokemonRemoteDataSource.swift */; };
		94DED77B26695EFF00FBCE58 /* PokemonTypeDTO.swift in Sources */ = {isa = PBXBuildFile; fileRef = 94DED77A26695EFF00FBCE58 /* PokemonTypeDTO.swift */; };
		94DED78C2669602B00FBCE58 /* PokemonRemoteDataSourceTests.swift in Sources */ = {isa = PBXBuildFile; fileRef = 94DED78B2669602B00FBCE58 /* PokemonRemoteDataSourceTests.swift */; };
		94DED79A2669661300FBCE58 /* PokemonAPI.swift in Sources */ = {isa = PBXBuildFile; fileRef = 94DED7992669661300FBCE58 /* PokemonAPI.swift */; };
		94DED7A02669662D00FBCE58 /* PokemonRemoteDataSourceImpl.swift in Sources */ = {isa = PBXBuildFile; fileRef = 94DED79F2669662D00FBCE58 /* PokemonRemoteDataSourceImpl.swift */; };
		94DED7A426696ABD00FBCE58 /* PokemonTypesViewModelTests.swift in Sources */ = {isa = PBXBuildFile; fileRef = 94DED7A326696ABD00FBCE58 /* PokemonTypesViewModelTests.swift */; };
/* End PBXBuildFile section */

/* Begin PBXContainerItemProxy section */
		94A47505266911E200749133 /* PBXContainerItemProxy */ = {
			isa = PBXContainerItemProxy;
			containerPortal = 94A474E6266911E100749133 /* Project object */;
			proxyType = 1;
			remoteGlobalIDString = 94A474ED266911E100749133;
			remoteInfo = Pokedex;
		};
/* End PBXContainerItemProxy section */

/* Begin PBXFileReference section */
		00B3D1F636181CC185BD3FDB /* Pods-Pokedex.release.xcconfig */ = {isa = PBXFileReference; includeInIndex = 1; lastKnownFileType = text.xcconfig; name = "Pods-Pokedex.release.xcconfig"; path = "Target Support Files/Pods-Pokedex/Pods-Pokedex.release.xcconfig"; sourceTree = "<group>"; };
		0EC4BD606B73854AA20980E4 /* Pods_PokedexTests.framework */ = {isa = PBXFileReference; explicitFileType = wrapper.framework; includeInIndex = 0; path = Pods_PokedexTests.framework; sourceTree = BUILT_PRODUCTS_DIR; };
		0ECC9ED28FBB401FD18137C6 /* Pods-PokedexTests.debug.xcconfig */ = {isa = PBXFileReference; includeInIndex = 1; lastKnownFileType = text.xcconfig; name = "Pods-PokedexTests.debug.xcconfig"; path = "Target Support Files/Pods-PokedexTests/Pods-PokedexTests.debug.xcconfig"; sourceTree = "<group>"; };
		1B25ED57CA95FC531680D899 /* Pods-Pokedex.debug.xcconfig */ = {isa = PBXFileReference; includeInIndex = 1; lastKnownFileType = text.xcconfig; name = "Pods-Pokedex.debug.xcconfig"; path = "Target Support Files/Pods-Pokedex/Pods-Pokedex.debug.xcconfig"; sourceTree = "<group>"; };
		387B9D408AF9EB9388297E5E /* Pods_Pokedex.framework */ = {isa = PBXFileReference; explicitFileType = wrapper.framework; includeInIndex = 0; path = Pods_Pokedex.framework; sourceTree = BUILT_PRODUCTS_DIR; };
		7A89AF394D62FC1E31080B7F /* Pods-PokedexTests.release.xcconfig */ = {isa = PBXFileReference; includeInIndex = 1; lastKnownFileType = text.xcconfig; name = "Pods-PokedexTests.release.xcconfig"; path = "Target Support Files/Pods-PokedexTests/Pods-PokedexTests.release.xcconfig"; sourceTree = "<group>"; };
		943C751626696DFC00585818 /* PokemonTypesViewModel.swift */ = {isa = PBXFileReference; lastKnownFileType = sourcecode.swift; path = PokemonTypesViewModel.swift; sourceTree = "<group>"; };
		943C7525266974FE00585818 /* PokemonTypesScreen.swift */ = {isa = PBXFileReference; lastKnownFileType = sourcecode.swift; path = PokemonTypesScreen.swift; sourceTree = "<group>"; };
		943C75292669769800585818 /* UIView+Constraints.swift */ = {isa = PBXFileReference; fileEncoding = 4; lastKnownFileType = sourcecode.swift; path = "UIView+Constraints.swift"; sourceTree = "<group>"; };
		9444F336266C4C170030822A /* PokemonTypeCell.swift */ = {isa = PBXFileReference; lastKnownFileType = sourcecode.swift; path = PokemonTypeCell.swift; sourceTree = "<group>"; };
		9444F3A9266C4D620030822A /* NSObject+Extensions.swift */ = {isa = PBXFileReference; lastKnownFileType = sourcecode.swift; path = "NSObject+Extensions.swift"; sourceTree = "<group>"; };
		9444F3AD266C4E520030822A /* UIView+Extensions.swift */ = {isa = PBXFileReference; lastKnownFileType = sourcecode.swift; path = "UIView+Extensions.swift"; sourceTree = "<group>"; };
		9444F3B2266C591F0030822A /* BaseViewController.swift */ = {isa = PBXFileReference; lastKnownFileType = sourcecode.swift; path = BaseViewController.swift; sourceTree = "<group>"; };
		9444F3B8266C5E750030822A /* BaseHeaderView.swift */ = {isa = PBXFileReference; lastKnownFileType = sourcecode.swift; path = BaseHeaderView.swift; sourceTree = "<group>"; };
		9444F3BD266C5FC80030822A /* PokemonCell.swift */ = {isa = PBXFileReference; lastKnownFileType = sourcecode.swift; path = PokemonCell.swift; sourceTree = "<group>"; };
		9444F3C1266C63780030822A /* UIColor+Extensions.swift */ = {isa = PBXFileReference; lastKnownFileType = sourcecode.swift; path = "UIColor+Extensions.swift"; sourceTree = "<group>"; };
		94A474EE266911E100749133 /* Pokedex.app */ = {isa = PBXFileReference; explicitFileType = wrapper.application; includeInIndex = 0; path = Pokedex.app; sourceTree = BUILT_PRODUCTS_DIR; };
		94A474F1266911E100749133 /* AppDelegate.swift */ = {isa = PBXFileReference; lastKnownFileType = sourcecode.swift; path = AppDelegate.swift; sourceTree = "<group>"; };
		94A474F5266911E100749133 /* PokemonTypesView.swift */ = {isa = PBXFileReference; lastKnownFileType = sourcecode.swift; path = PokemonTypesView.swift; sourceTree = "<group>"; };
		94A474FA266911E200749133 /* Assets.xcassets */ = {isa = PBXFileReference; lastKnownFileType = folder.assetcatalog; path = Assets.xcassets; sourceTree = "<group>"; };
		94A474FD266911E200749133 /* Base */ = {isa = PBXFileReference; lastKnownFileType = file.storyboard; name = Base; path = Base.lproj/LaunchScreen.storyboard; sourceTree = "<group>"; };
		94A474FF266911E200749133 /* Info.plist */ = {isa = PBXFileReference; lastKnownFileType = text.plist.xml; path = Info.plist; sourceTree = "<group>"; };
		94A47504266911E200749133 /* PokedexTests.xctest */ = {isa = PBXFileReference; explicitFileType = wrapper.cfbundle; includeInIndex = 0; path = PokedexTests.xctest; sourceTree = BUILT_PRODUCTS_DIR; };
		94A4750A266911E200749133 /* Info.plist */ = {isa = PBXFileReference; lastKnownFileType = text.plist.xml; path = Info.plist; sourceTree = "<group>"; };
		94C3AA69266BE0150070CD53 /* PokemonDTO.swift */ = {isa = PBXFileReference; lastKnownFileType = sourcecode.swift; path = PokemonDTO.swift; sourceTree = "<group>"; };
		94C3AA6E266BE3D00070CD53 /* PokemonRepositoryTests.swift */ = {isa = PBXFileReference; lastKnownFileType = sourcecode.swift; path = PokemonRepositoryTests.swift; sourceTree = "<group>"; };
		94C3AA75266BE5140070CD53 /* PokemonRemoteDataSourceMock.swift */ = {isa = PBXFileReference; lastKnownFileType = sourcecode.swift; path = PokemonRemoteDataSourceMock.swift; sourceTree = "<group>"; };
		94C3AA7B266BE5400070CD53 /* GetPokemonTypesUseCaseMock.swift */ = {isa = PBXFileReference; lastKnownFileType = sourcecode.swift; path = GetPokemonTypesUseCaseMock.swift; sourceTree = "<group>"; };
		94C3AA7F266BE56C0070CD53 /* PokemonTypesRepositoryMock.swift */ = {isa = PBXFileReference; lastKnownFileType = sourcecode.swift; path = PokemonTypesRepositoryMock.swift; sourceTree = "<group>"; };
		94C3AA83266BE8760070CD53 /* Pokemon.swift */ = {isa = PBXFileReference; lastKnownFileType = sourcecode.swift; path = Pokemon.swift; sourceTree = "<group>"; };
		94C3AA87266BE88D0070CD53 /* PokemonRepository.swift */ = {isa = PBXFileReference; lastKnownFileType = sourcecode.swift; path = PokemonRepository.swift; sourceTree = "<group>"; };
		94C3AA8C266BE8C80070CD53 /* PokemonRepositoryImpl.swift */ = {isa = PBXFileReference; lastKnownFileType = sourcecode.swift; path = PokemonRepositoryImpl.swift; sourceTree = "<group>"; };
		94C3AA90266BEC5F0070CD53 /* GetPokemonsUseCaseTests.swift */ = {isa = PBXFileReference; lastKnownFileType = sourcecode.swift; path = GetPokemonsUseCaseTests.swift; sourceTree = "<group>"; };
		94C3AA94266BECF20070CD53 /* PokemonRepositoryMock.swift */ = {isa = PBXFileReference; lastKnownFileType = sourcecode.swift; path = PokemonRepositoryMock.swift; sourceTree = "<group>"; };
		94C3AA99266BEE750070CD53 /* GetPokemonsUseCase.swift */ = {isa = PBXFileReference; lastKnownFileType = sourcecode.swift; path = GetPokemonsUseCase.swift; sourceTree = "<group>"; };
		94C3AA9F266BEE8A0070CD53 /* GetPokemonsUseCaseImpl.swift */ = {isa = PBXFileReference; lastKnownFileType = sourcecode.swift; path = GetPokemonsUseCaseImpl.swift; sourceTree = "<group>"; };
		94C3AAA3266BEEE70070CD53 /* PokemonsViewModelTests.swift */ = {isa = PBXFileReference; lastKnownFileType = sourcecode.swift; path = PokemonsViewModelTests.swift; sourceTree = "<group>"; };
		94C3AAA7266BF0760070CD53 /* GetPokemonsUseCaseMock.swift */ = {isa = PBXFileReference; lastKnownFileType = sourcecode.swift; path = GetPokemonsUseCaseMock.swift; sourceTree = "<group>"; };
		94C3AAAC266BF1880070CD53 /* PokemonsViewModel.swift */ = {isa = PBXFileReference; lastKnownFileType = sourcecode.swift; path = PokemonsViewModel.swift; sourceTree = "<group>"; };
		94C3AAB2266BF2750070CD53 /* PokemonsScreen.swift */ = {isa = PBXFileReference; lastKnownFileType = sourcecode.swift; path = PokemonsScreen.swift; sourceTree = "<group>"; };
		94C3AAB6266BF29A0070CD53 /* PokemonsView.swift */ = {isa = PBXFileReference; lastKnownFileType = sourcecode.swift; path = PokemonsView.swift; sourceTree = "<group>"; };
		94C3AABA266BF4530070CD53 /* PokemonsCoordinator.swift */ = {isa = PBXFileReference; lastKnownFileType = sourcecode.swift; path = PokemonsCoordinator.swift; sourceTree = "<group>"; };
		94DED6D326691A6600FBCE58 /* DependencyInjectionManager.swift */ = {isa = PBXFileReference; lastKnownFileType = sourcecode.swift; path = DependencyInjectionManager.swift; sourceTree = "<group>"; };
		94DED6DC26691ADC00FBCE58 /* AppCoordinator.swift */ = {isa = PBXFileReference; lastKnownFileType = sourcecode.swift; path = AppCoordinator.swift; sourceTree = "<group>"; };
		94DED6E726691B5E00FBCE58 /* Coordinator.swift */ = {isa = PBXFileReference; lastKnownFileType = sourcecode.swift; path = Coordinator.swift; sourceTree = "<group>"; };
		94DED74B26691FB500FBCE58 /* GetPokemonTypesUseCaseTests.swift */ = {isa = PBXFileReference; lastKnownFileType = sourcecode.swift; path = GetPokemonTypesUseCaseTests.swift; sourceTree = "<group>"; };
		94DED75226692A0400FBCE58 /* GetPokemonTypes.swift */ = {isa = PBXFileReference; lastKnownFileType = sourcecode.swift; path = GetPokemonTypes.swift; sourceTree = "<group>"; };
		94DED75626692A1D00FBCE58 /* GetPokemonTypesUseCaseImpl.swift */ = {isa = PBXFileReference; lastKnownFileType = sourcecode.swift; path = GetPokemonTypesUseCaseImpl.swift; sourceTree = "<group>"; };
		94DED75A26692A3F00FBCE58 /* PokemonTypeRepository.swift */ = {isa = PBXFileReference; lastKnownFileType = sourcecode.swift; path = PokemonTypeRepository.swift; sourceTree = "<group>"; };
		94DED75F26692A6300FBCE58 /* PokemonType.swift */ = {isa = PBXFileReference; lastKnownFileType = sourcecode.swift; path = PokemonType.swift; sourceTree = "<group>"; };
		94DED768266959EE00FBCE58 /* PokemonTypeRepositoryTests.swift */ = {isa = PBXFileReference; lastKnownFileType = sourcecode.swift; path = PokemonTypeRepositoryTests.swift; sourceTree = "<group>"; };
		94DED76F26695EBB00FBCE58 /* PokemonTypeRepositoryImpl.swift */ = {isa = PBXFileReference; lastKnownFileType = sourcecode.swift; path = PokemonTypeRepositoryImpl.swift; sourceTree = "<group>"; };
		94DED77526695ED300FBCE58 /* PokemonRemoteDataSource.swift */ = {isa = PBXFileReference; lastKnownFileType = sourcecode.swift; path = PokemonRemoteDataSource.swift; sourceTree = "<group>"; };
		94DED77A26695EFF00FBCE58 /* PokemonTypeDTO.swift */ = {isa = PBXFileReference; lastKnownFileType = sourcecode.swift; path = PokemonTypeDTO.swift; sourceTree = "<group>"; };
		94DED78B2669602B00FBCE58 /* PokemonRemoteDataSourceTests.swift */ = {isa = PBXFileReference; lastKnownFileType = sourcecode.swift; path = PokemonRemoteDataSourceTests.swift; sourceTree = "<group>"; };
		94DED7992669661300FBCE58 /* PokemonAPI.swift */ = {isa = PBXFileReference; lastKnownFileType = sourcecode.swift; path = PokemonAPI.swift; sourceTree = "<group>"; };
		94DED79F2669662D00FBCE58 /* PokemonRemoteDataSourceImpl.swift */ = {isa = PBXFileReference; lastKnownFileType = sourcecode.swift; path = PokemonRemoteDataSourceImpl.swift; sourceTree = "<group>"; };
		94DED7A326696ABD00FBCE58 /* PokemonTypesViewModelTests.swift */ = {isa = PBXFileReference; lastKnownFileType = sourcecode.swift; path = PokemonTypesViewModelTests.swift; sourceTree = "<group>"; };
/* End PBXFileReference section */

/* Begin PBXFrameworksBuildPhase section */
		94A474EB266911E100749133 /* Frameworks */ = {
			isa = PBXFrameworksBuildPhase;
			buildActionMask = 2147483647;
			files = (
				89829531BAF3567486E0BAF0 /* Pods_Pokedex.framework in Frameworks */,
			);
			runOnlyForDeploymentPostprocessing = 0;
		};
		94A47501266911E200749133 /* Frameworks */ = {
			isa = PBXFrameworksBuildPhase;
			buildActionMask = 2147483647;
			files = (
				255A8D8B2BD9B70B7F1E8379 /* Pods_PokedexTests.framework in Frameworks */,
			);
			runOnlyForDeploymentPostprocessing = 0;
		};
/* End PBXFrameworksBuildPhase section */

/* Begin PBXGroup section */
		3DAE794E001D9585CA09CB56 /* Frameworks */ = {
			isa = PBXGroup;
			children = (
				387B9D408AF9EB9388297E5E /* Pods_Pokedex.framework */,
				0EC4BD606B73854AA20980E4 /* Pods_PokedexTests.framework */,
			);
			name = Frameworks;
			sourceTree = "<group>";
		};
		807058D648A7CEC84734C8F0 /* Pods */ = {
			isa = PBXGroup;
			children = (
				1B25ED57CA95FC531680D899 /* Pods-Pokedex.debug.xcconfig */,
				00B3D1F636181CC185BD3FDB /* Pods-Pokedex.release.xcconfig */,
				0ECC9ED28FBB401FD18137C6 /* Pods-PokedexTests.debug.xcconfig */,
				7A89AF394D62FC1E31080B7F /* Pods-PokedexTests.release.xcconfig */,
			);
			path = Pods;
			sourceTree = "<group>";
		};
		943C751426696DE000585818 /* Features */ = {
			isa = PBXGroup;
			children = (
				94C3AAAB266BF17E0070CD53 /* Pokemons */,
				943C751526696DEB00585818 /* PokemonTypes */,
			);
			path = Features;
			sourceTree = "<group>";
		};
		943C751526696DEB00585818 /* PokemonTypes */ = {
			isa = PBXGroup;
			children = (
				9444F335266C4BFF0030822A /* Components */,
				94A474F5266911E100749133 /* PokemonTypesView.swift */,
				943C7525266974FE00585818 /* PokemonTypesScreen.swift */,
				943C751626696DFC00585818 /* PokemonTypesViewModel.swift */,
			);
			path = PokemonTypes;
			sourceTree = "<group>";
		};
		9444F335266C4BFF0030822A /* Components */ = {
			isa = PBXGroup;
			children = (
				9444F336266C4C170030822A /* PokemonTypeCell.swift */,
			);
			path = Components;
			sourceTree = "<group>";
		};
		9444F3B1266C58FA0030822A /* Base */ = {
			isa = PBXGroup;
			children = (
				9444F3B2266C591F0030822A /* BaseViewController.swift */,
				9444F3B8266C5E750030822A /* BaseHeaderView.swift */,
			);
			path = Base;
			sourceTree = "<group>";
		};
		9444F3BC266C5FB60030822A /* PokemonCell */ = {
			isa = PBXGroup;
			children = (
				9444F3BD266C5FC80030822A /* PokemonCell.swift */,
			);
			path = PokemonCell;
			sourceTree = "<group>";
		};
		94A474E5266911E100749133 = {
			isa = PBXGroup;
			children = (
				94A474F0266911E100749133 /* Pokedex */,
				94A47507266911E200749133 /* PokedexTests */,
				94A474EF266911E100749133 /* Products */,
				807058D648A7CEC84734C8F0 /* Pods */,
				3DAE794E001D9585CA09CB56 /* Frameworks */,
			);
			sourceTree = "<group>";
		};
		94A474EF266911E100749133 /* Products */ = {
			isa = PBXGroup;
			children = (
				94A474EE266911E100749133 /* Pokedex.app */,
				94A47504266911E200749133 /* PokedexTests.xctest */,
			);
			name = Products;
			sourceTree = "<group>";
		};
		94A474F0266911E100749133 /* Pokedex */ = {
			isa = PBXGroup;
			children = (
				94A4752B266912A000749133 /* SupportingFiles */,
				94A4752A2669129300749133 /* Extensions */,
				94A475292669128A00749133 /* Presentation */,
				94A475282669128600749133 /* Domain */,
				94A475272669128000749133 /* Data */,
				94A474FF266911E200749133 /* Info.plist */,
			);
			path = Pokedex;
			sourceTree = "<group>";
		};
		94A47507266911E200749133 /* PokedexTests */ = {
			isa = PBXGroup;
			children = (
				94C3AA74266BE4AB0070CD53 /* Mocks */,
				94DED74A26691F9B00FBCE58 /* Presentation */,
				94DED74926691F9700FBCE58 /* Data */,
				94DED74826691F9200FBCE58 /* Domain */,
				94A4750A266911E200749133 /* Info.plist */,
			);
			path = PokedexTests;
			sourceTree = "<group>";
		};
		94A475272669128000749133 /* Data */ = {
			isa = PBXGroup;
			children = (
				94C3AA64266BDFD80070CD53 /* Repositories */,
				94C3AA61266BDFCB0070CD53 /* DataSources */,
				94DED7982669660200FBCE58 /* API */,
				94DED77926695EF100FBCE58 /* DTOs */,
			);
			path = Data;
			sourceTree = "<group>";
		};
		94A475282669128600749133 /* Domain */ = {
			isa = PBXGroup;
			children = (
				94DED7A726696C3000FBCE58 /* UseCases */,
				94DED767266959C400FBCE58 /* Repositories */,
				94DED75E26692A5200FBCE58 /* Entities */,
			);
			path = Domain;
			sourceTree = "<group>";
		};
		94A475292669128A00749133 /* Presentation */ = {
			isa = PBXGroup;
			children = (
				9444F3B1266C58FA0030822A /* Base */,
				943C751426696DE000585818 /* Features */,
				94DED6DB26691ACD00FBCE58 /* Coordinators */,
			);
			path = Presentation;
			sourceTree = "<group>";
		};
		94A4752A2669129300749133 /* Extensions */ = {
			isa = PBXGroup;
			children = (
				943C75292669769800585818 /* UIView+Constraints.swift */,
				9444F3A9266C4D620030822A /* NSObject+Extensions.swift */,
				9444F3AD266C4E520030822A /* UIView+Extensions.swift */,
				9444F3C1266C63780030822A /* UIColor+Extensions.swift */,
			);
			path = Extensions;
			sourceTree = "<group>";
		};
		94A4752B266912A000749133 /* SupportingFiles */ = {
			isa = PBXGroup;
			children = (
				94A474F1266911E100749133 /* AppDelegate.swift */,
				94A474FA266911E200749133 /* Assets.xcassets */,
				94A474FC266911E200749133 /* LaunchScreen.storyboard */,
				94DED6D326691A6600FBCE58 /* DependencyInjectionManager.swift */,
			);
			path = SupportingFiles;
			sourceTree = "<group>";
		};
		94C3AA61266BDFCB0070CD53 /* DataSources */ = {
			isa = PBXGroup;
			children = (
				94DED77526695ED300FBCE58 /* PokemonRemoteDataSource.swift */,
				94DED79F2669662D00FBCE58 /* PokemonRemoteDataSourceImpl.swift */,
			);
			path = DataSources;
			sourceTree = "<group>";
		};
		94C3AA64266BDFD80070CD53 /* Repositories */ = {
			isa = PBXGroup;
			children = (
				94C3AA8B266BE8C00070CD53 /* Pokemon */,
				94DED76E26695E6C00FBCE58 /* PokemonType */,
			);
			path = Repositories;
			sourceTree = "<group>";
		};
		94C3AA74266BE4AB0070CD53 /* Mocks */ = {
			isa = PBXGroup;
			children = (
				94C3AA75266BE5140070CD53 /* PokemonRemoteDataSourceMock.swift */,
				94C3AA7B266BE5400070CD53 /* GetPokemonTypesUseCaseMock.swift */,
				94C3AA7F266BE56C0070CD53 /* PokemonTypesRepositoryMock.swift */,
				94C3AA94266BECF20070CD53 /* PokemonRepositoryMock.swift */,
				94C3AAA7266BF0760070CD53 /* GetPokemonsUseCaseMock.swift */,
			);
			path = Mocks;
			sourceTree = "<group>";
		};
		94C3AA8B266BE8C00070CD53 /* Pokemon */ = {
			isa = PBXGroup;
			children = (
				94C3AA8C266BE8C80070CD53 /* PokemonRepositoryImpl.swift */,
			);
			path = Pokemon;
			sourceTree = "<group>";
		};
		94C3AA98266BEE690070CD53 /* GetPokemons */ = {
			isa = PBXGroup;
			children = (
				94C3AA99266BEE750070CD53 /* GetPokemonsUseCase.swift */,
				94C3AA9F266BEE8A0070CD53 /* GetPokemonsUseCaseImpl.swift */,
			);
			path = GetPokemons;
			sourceTree = "<group>";
		};
		94C3AAAB266BF17E0070CD53 /* Pokemons */ = {
			isa = PBXGroup;
			children = (
				9444F3BC266C5FB60030822A /* PokemonCell */,
				94C3AAAC266BF1880070CD53 /* PokemonsViewModel.swift */,
				94C3AAB2266BF2750070CD53 /* PokemonsScreen.swift */,
				94C3AAB6266BF29A0070CD53 /* PokemonsView.swift */,
			);
			path = Pokemons;
			sourceTree = "<group>";
		};
		94DED6DB26691ACD00FBCE58 /* Coordinators */ = {
			isa = PBXGroup;
			children = (
				94DED6DC26691ADC00FBCE58 /* AppCoordinator.swift */,
				94DED6E726691B5E00FBCE58 /* Coordinator.swift */,
				94C3AABA266BF4530070CD53 /* PokemonsCoordinator.swift */,
			);
			path = Coordinators;
			sourceTree = "<group>";
		};
		94DED74826691F9200FBCE58 /* Domain */ = {
			isa = PBXGroup;
			children = (
				94DED74B26691FB500FBCE58 /* GetPokemonTypesUseCaseTests.swift */,
				94C3AA90266BEC5F0070CD53 /* GetPokemonsUseCaseTests.swift */,
			);
			path = Domain;
			sourceTree = "<group>";
		};
		94DED74926691F9700FBCE58 /* Data */ = {
			isa = PBXGroup;
			children = (
				94DED768266959EE00FBCE58 /* PokemonTypeRepositoryTests.swift */,
				94DED78B2669602B00FBCE58 /* PokemonRemoteDataSourceTests.swift */,
				94C3AA6E266BE3D00070CD53 /* PokemonRepositoryTests.swift */,
			);
			path = Data;
			sourceTree = "<group>";
		};
		94DED74A26691F9B00FBCE58 /* Presentation */ = {
			isa = PBXGroup;
			children = (
				94DED7A326696ABD00FBCE58 /* PokemonTypesViewModelTests.swift */,
				94C3AAA3266BEEE70070CD53 /* PokemonsViewModelTests.swift */,
			);
			path = Presentation;
			sourceTree = "<group>";
		};
		94DED751266929F900FBCE58 /* GetPokemonTypes */ = {
			isa = PBXGroup;
			children = (
				94DED75226692A0400FBCE58 /* GetPokemonTypes.swift */,
				94DED75626692A1D00FBCE58 /* GetPokemonTypesUseCaseImpl.swift */,
			);
			path = GetPokemonTypes;
			sourceTree = "<group>";
		};
		94DED75E26692A5200FBCE58 /* Entities */ = {
			isa = PBXGroup;
			children = (
				94DED75F26692A6300FBCE58 /* PokemonType.swift */,
				94C3AA83266BE8760070CD53 /* Pokemon.swift */,
			);
			path = Entities;
			sourceTree = "<group>";
		};
		94DED767266959C400FBCE58 /* Repositories */ = {
			isa = PBXGroup;
			children = (
				94DED75A26692A3F00FBCE58 /* PokemonTypeRepository.swift */,
				94C3AA87266BE88D0070CD53 /* PokemonRepository.swift */,
			);
			path = Repositories;
			sourceTree = "<group>";
		};
		94DED76E26695E6C00FBCE58 /* PokemonType */ = {
			isa = PBXGroup;
			children = (
				94DED76F26695EBB00FBCE58 /* PokemonTypeRepositoryImpl.swift */,
			);
			path = PokemonType;
			sourceTree = "<group>";
		};
		94DED77926695EF100FBCE58 /* DTOs */ = {
			isa = PBXGroup;
			children = (
				94DED77A26695EFF00FBCE58 /* PokemonTypeDTO.swift */,
				94C3AA69266BE0150070CD53 /* PokemonDTO.swift */,
			);
			path = DTOs;
			sourceTree = "<group>";
		};
		94DED7982669660200FBCE58 /* API */ = {
			isa = PBXGroup;
			children = (
				94DED7992669661300FBCE58 /* PokemonAPI.swift */,
			);
			path = API;
			sourceTree = "<group>";
		};
		94DED7A726696C3000FBCE58 /* UseCases */ = {
			isa = PBXGroup;
			children = (
				94C3AA98266BEE690070CD53 /* GetPokemons */,
				94DED751266929F900FBCE58 /* GetPokemonTypes */,
			);
			path = UseCases;
			sourceTree = "<group>";
		};
/* End PBXGroup section */

/* Begin PBXNativeTarget section */
		94A474ED266911E100749133 /* Pokedex */ = {
			isa = PBXNativeTarget;
			buildConfigurationList = 94A47518266911E200749133 /* Build configuration list for PBXNativeTarget "Pokedex" */;
			buildPhases = (
				FB8308918AEAABE2A7D1DFC0 /* [CP] Check Pods Manifest.lock */,
				94A474EA266911E100749133 /* Sources */,
				94A474EB266911E100749133 /* Frameworks */,
				94A474EC266911E100749133 /* Resources */,
				32B08E2BD0C50329390E99E3 /* [CP] Embed Pods Frameworks */,
			);
			buildRules = (
			);
			dependencies = (
			);
			name = Pokedex;
			productName = Pokedex;
			productReference = 94A474EE266911E100749133 /* Pokedex.app */;
			productType = "com.apple.product-type.application";
		};
		94A47503266911E200749133 /* PokedexTests */ = {
			isa = PBXNativeTarget;
			buildConfigurationList = 94A4751B266911E200749133 /* Build configuration list for PBXNativeTarget "PokedexTests" */;
			buildPhases = (
				12D0DF55FCFEB77D90858ED3 /* [CP] Check Pods Manifest.lock */,
				94A47500266911E200749133 /* Sources */,
				94A47501266911E200749133 /* Frameworks */,
				94A47502266911E200749133 /* Resources */,
			);
			buildRules = (
			);
			dependencies = (
				94A47506266911E200749133 /* PBXTargetDependency */,
			);
			name = PokedexTests;
			productName = PokedexTests;
			productReference = 94A47504266911E200749133 /* PokedexTests.xctest */;
			productType = "com.apple.product-type.bundle.unit-test";
		};
/* End PBXNativeTarget section */

/* Begin PBXProject section */
		94A474E6266911E100749133 /* Project object */ = {
			isa = PBXProject;
			attributes = {
				LastSwiftUpdateCheck = 1240;
				LastUpgradeCheck = 1240;
				TargetAttributes = {
					94A474ED266911E100749133 = {
						CreatedOnToolsVersion = 12.4;
					};
					94A47503266911E200749133 = {
						CreatedOnToolsVersion = 12.4;
						TestTargetID = 94A474ED266911E100749133;
					};
				};
			};
			buildConfigurationList = 94A474E9266911E100749133 /* Build configuration list for PBXProject "Pokedex" */;
			compatibilityVersion = "Xcode 9.3";
			developmentRegion = en;
			hasScannedForEncodings = 0;
			knownRegions = (
				en,
				Base,
			);
			mainGroup = 94A474E5266911E100749133;
			productRefGroup = 94A474EF266911E100749133 /* Products */;
			projectDirPath = "";
			projectRoot = "";
			targets = (
				94A474ED266911E100749133 /* Pokedex */,
				94A47503266911E200749133 /* PokedexTests */,
			);
		};
/* End PBXProject section */

/* Begin PBXResourcesBuildPhase section */
		94A474EC266911E100749133 /* Resources */ = {
			isa = PBXResourcesBuildPhase;
			buildActionMask = 2147483647;
			files = (
				94A474FE266911E200749133 /* LaunchScreen.storyboard in Resources */,
				94A474FB266911E200749133 /* Assets.xcassets in Resources */,
			);
			runOnlyForDeploymentPostprocessing = 0;
		};
		94A47502266911E200749133 /* Resources */ = {
			isa = PBXResourcesBuildPhase;
			buildActionMask = 2147483647;
			files = (
			);
			runOnlyForDeploymentPostprocessing = 0;
		};
/* End PBXResourcesBuildPhase section */

/* Begin PBXShellScriptBuildPhase section */
		12D0DF55FCFEB77D90858ED3 /* [CP] Check Pods Manifest.lock */ = {
			isa = PBXShellScriptBuildPhase;
			buildActionMask = 2147483647;
			files = (
			);
			inputFileListPaths = (
			);
			inputPaths = (
				"${PODS_PODFILE_DIR_PATH}/Podfile.lock",
				"${PODS_ROOT}/Manifest.lock",
			);
			name = "[CP] Check Pods Manifest.lock";
			outputFileListPaths = (
			);
			outputPaths = (
				"$(DERIVED_FILE_DIR)/Pods-PokedexTests-checkManifestLockResult.txt",
			);
			runOnlyForDeploymentPostprocessing = 0;
			shellPath = /bin/sh;
			shellScript = "diff \"${PODS_PODFILE_DIR_PATH}/Podfile.lock\" \"${PODS_ROOT}/Manifest.lock\" > /dev/null\nif [ $? != 0 ] ; then\n    # print error to STDERR\n    echo \"error: The sandbox is not in sync with the Podfile.lock. Run 'pod install' or update your CocoaPods installation.\" >&2\n    exit 1\nfi\n# This output is used by Xcode 'outputs' to avoid re-running this script phase.\necho \"SUCCESS\" > \"${SCRIPT_OUTPUT_FILE_0}\"\n";
			showEnvVarsInLog = 0;
		};
		32B08E2BD0C50329390E99E3 /* [CP] Embed Pods Frameworks */ = {
			isa = PBXShellScriptBuildPhase;
			buildActionMask = 2147483647;
			files = (
			);
			inputFileListPaths = (
				"${PODS_ROOT}/Target Support Files/Pods-Pokedex/Pods-Pokedex-frameworks-${CONFIGURATION}-input-files.xcfilelist",
			);
			name = "[CP] Embed Pods Frameworks";
			outputFileListPaths = (
				"${PODS_ROOT}/Target Support Files/Pods-Pokedex/Pods-Pokedex-frameworks-${CONFIGURATION}-output-files.xcfilelist",
			);
			runOnlyForDeploymentPostprocessing = 0;
			shellPath = /bin/sh;
			shellScript = "\"${PODS_ROOT}/Target Support Files/Pods-Pokedex/Pods-Pokedex-frameworks.sh\"\n";
			showEnvVarsInLog = 0;
		};
		FB8308918AEAABE2A7D1DFC0 /* [CP] Check Pods Manifest.lock */ = {
			isa = PBXShellScriptBuildPhase;
			buildActionMask = 2147483647;
			files = (
			);
			inputFileListPaths = (
			);
			inputPaths = (
				"${PODS_PODFILE_DIR_PATH}/Podfile.lock",
				"${PODS_ROOT}/Manifest.lock",
			);
			name = "[CP] Check Pods Manifest.lock";
			outputFileListPaths = (
			);
			outputPaths = (
				"$(DERIVED_FILE_DIR)/Pods-Pokedex-checkManifestLockResult.txt",
			);
			runOnlyForDeploymentPostprocessing = 0;
			shellPath = /bin/sh;
			shellScript = "diff \"${PODS_PODFILE_DIR_PATH}/Podfile.lock\" \"${PODS_ROOT}/Manifest.lock\" > /dev/null\nif [ $? != 0 ] ; then\n    # print error to STDERR\n    echo \"error: The sandbox is not in sync with the Podfile.lock. Run 'pod install' or update your CocoaPods installation.\" >&2\n    exit 1\nfi\n# This output is used by Xcode 'outputs' to avoid re-running this script phase.\necho \"SUCCESS\" > \"${SCRIPT_OUTPUT_FILE_0}\"\n";
			showEnvVarsInLog = 0;
		};
/* End PBXShellScriptBuildPhase section */

/* Begin PBXSourcesBuildPhase section */
		94A474EA266911E100749133 /* Sources */ = {
			isa = PBXSourcesBuildPhase;
			buildActionMask = 2147483647;
			files = (
				94DED77626695ED300FBCE58 /* PokemonRemoteDataSource.swift in Sources */,
				943C7526266974FE00585818 /* PokemonTypesScreen.swift in Sources */,
				9444F3BE266C5FC80030822A /* PokemonCell.swift in Sources */,
				94DED6DD26691ADC00FBCE58 /* AppCoordinator.swift in Sources */,
				9444F337266C4C170030822A /* PokemonTypeCell.swift in Sources */,
				9444F3B3266C591F0030822A /* BaseViewController.swift in Sources */,
				94DED77026695EBB00FBCE58 /* PokemonTypeRepositoryImpl.swift in Sources */,
				94DED77B26695EFF00FBCE58 /* PokemonTypeDTO.swift in Sources */,
				94C3AA84266BE8760070CD53 /* Pokemon.swift in Sources */,
				94DED75726692A1D00FBCE58 /* GetPokemonTypesUseCaseImpl.swift in Sources */,
				9444F3B9266C5E750030822A /* BaseHeaderView.swift in Sources */,
				943C752A2669769800585818 /* UIView+Constraints.swift in Sources */,
				943C751726696DFC00585818 /* PokemonTypesViewModel.swift in Sources */,
				94A474F6266911E100749133 /* PokemonTypesView.swift in Sources */,
				94C3AAB3266BF2750070CD53 /* PokemonsScreen.swift in Sources */,
				9444F3C2266C63780030822A /* UIColor+Extensions.swift in Sources */,
				9444F3AE266C4E520030822A /* UIView+Extensions.swift in Sources */,
				9444F3AA266C4D620030822A /* NSObject+Extensions.swift in Sources */,
				94C3AA6A266BE0150070CD53 /* PokemonDTO.swift in Sources */,
				94C3AA88266BE88D0070CD53 /* PokemonRepository.swift in Sources */,
				94DED75326692A0400FBCE58 /* GetPokemonTypes.swift in Sources */,
				94DED6E826691B5E00FBCE58 /* Coordinator.swift in Sources */,
				94DED7A02669662D00FBCE58 /* PokemonRemoteDataSourceImpl.swift in Sources */,
				94C3AA8D266BE8C80070CD53 /* PokemonRepositoryImpl.swift in Sources */,
				94C3AAA0266BEE8A0070CD53 /* GetPokemonsUseCaseImpl.swift in Sources */,
				94DED75B26692A3F00FBCE58 /* PokemonTypeRepository.swift in Sources */,
				94C3AAAD266BF1880070CD53 /* PokemonsViewModel.swift in Sources */,
				94DED76026692A6300FBCE58 /* PokemonType.swift in Sources */,
				94C3AABB266BF4530070CD53 /* PokemonsCoordinator.swift in Sources */,
				94C3AA9A266BEE750070CD53 /* GetPokemonsUseCase.swift in Sources */,
				94C3AAB7266BF29A0070CD53 /* PokemonsView.swift in Sources */,
				94DED6D426691A6600FBCE58 /* DependencyInjectionManager.swift in Sources */,
				94A474F2266911E100749133 /* AppDelegate.swift in Sources */,
				94DED79A2669661300FBCE58 /* PokemonAPI.swift in Sources */,
			);
			runOnlyForDeploymentPostprocessing = 0;
		};
		94A47500266911E200749133 /* Sources */ = {
			isa = PBXSourcesBuildPhase;
			buildActionMask = 2147483647;
			files = (
				94DED7A426696ABD00FBCE58 /* PokemonTypesViewModelTests.swift in Sources */,
				94C3AA95266BECF20070CD53 /* PokemonRepositoryMock.swift in Sources */,
				94C3AA7C266BE5400070CD53 /* GetPokemonTypesUseCaseMock.swift in Sources */,
				94C3AA91266BEC5F0070CD53 /* GetPokemonsUseCaseTests.swift in Sources */,
				94DED78C2669602B00FBCE58 /* PokemonRemoteDataSourceTests.swift in Sources */,
				94DED74C26691FB500FBCE58 /* GetPokemonTypesUseCaseTests.swift in Sources */,
				94C3AAA8266BF0760070CD53 /* GetPokemonsUseCaseMock.swift in Sources */,
				94DED769266959EE00FBCE58 /* PokemonTypeRepositoryTests.swift in Sources */,
				94C3AA76266BE5140070CD53 /* PokemonRemoteDataSourceMock.swift in Sources */,
				94C3AA80266BE56C0070CD53 /* PokemonTypesRepositoryMock.swift in Sources */,
				94C3AAA4266BEEE70070CD53 /* PokemonsViewModelTests.swift in Sources */,
				94C3AA6F266BE3D00070CD53 /* PokemonRepositoryTests.swift in Sources */,
			);
			runOnlyForDeploymentPostprocessing = 0;
		};
/* End PBXSourcesBuildPhase section */

/* Begin PBXTargetDependency section */
		94A47506266911E200749133 /* PBXTargetDependency */ = {
			isa = PBXTargetDependency;
			target = 94A474ED266911E100749133 /* Pokedex */;
			targetProxy = 94A47505266911E200749133 /* PBXContainerItemProxy */;
		};
/* End PBXTargetDependency section */

/* Begin PBXVariantGroup section */
		94A474FC266911E200749133 /* LaunchScreen.storyboard */ = {
			isa = PBXVariantGroup;
			children = (
				94A474FD266911E200749133 /* Base */,
			);
			name = LaunchScreen.storyboard;
			sourceTree = "<group>";
		};
/* End PBXVariantGroup section */

/* Begin XCBuildConfiguration section */
		94A47516266911E200749133 /* Debug */ = {
			isa = XCBuildConfiguration;
			buildSettings = {
				ALWAYS_SEARCH_USER_PATHS = NO;
				CLANG_ANALYZER_NONNULL = YES;
				CLANG_ANALYZER_NUMBER_OBJECT_CONVERSION = YES_AGGRESSIVE;
				CLANG_CXX_LANGUAGE_STANDARD = "gnu++14";
				CLANG_CXX_LIBRARY = "libc++";
				CLANG_ENABLE_MODULES = YES;
				CLANG_ENABLE_OBJC_ARC = YES;
				CLANG_ENABLE_OBJC_WEAK = YES;
				CLANG_WARN_BLOCK_CAPTURE_AUTORELEASING = YES;
				CLANG_WARN_BOOL_CONVERSION = YES;
				CLANG_WARN_COMMA = YES;
				CLANG_WARN_CONSTANT_CONVERSION = YES;
				CLANG_WARN_DEPRECATED_OBJC_IMPLEMENTATIONS = YES;
				CLANG_WARN_DIRECT_OBJC_ISA_USAGE = YES_ERROR;
				CLANG_WARN_DOCUMENTATION_COMMENTS = YES;
				CLANG_WARN_EMPTY_BODY = YES;
				CLANG_WARN_ENUM_CONVERSION = YES;
				CLANG_WARN_INFINITE_RECURSION = YES;
				CLANG_WARN_INT_CONVERSION = YES;
				CLANG_WARN_NON_LITERAL_NULL_CONVERSION = YES;
				CLANG_WARN_OBJC_IMPLICIT_RETAIN_SELF = YES;
				CLANG_WARN_OBJC_LITERAL_CONVERSION = YES;
				CLANG_WARN_OBJC_ROOT_CLASS = YES_ERROR;
				CLANG_WARN_QUOTED_INCLUDE_IN_FRAMEWORK_HEADER = YES;
				CLANG_WARN_RANGE_LOOP_ANALYSIS = YES;
				CLANG_WARN_STRICT_PROTOTYPES = YES;
				CLANG_WARN_SUSPICIOUS_MOVE = YES;
				CLANG_WARN_UNGUARDED_AVAILABILITY = YES_AGGRESSIVE;
				CLANG_WARN_UNREACHABLE_CODE = YES;
				CLANG_WARN__DUPLICATE_METHOD_MATCH = YES;
				COPY_PHASE_STRIP = NO;
				DEBUG_INFORMATION_FORMAT = dwarf;
				ENABLE_STRICT_OBJC_MSGSEND = YES;
				ENABLE_TESTABILITY = YES;
				GCC_C_LANGUAGE_STANDARD = gnu11;
				GCC_DYNAMIC_NO_PIC = NO;
				GCC_NO_COMMON_BLOCKS = YES;
				GCC_OPTIMIZATION_LEVEL = 0;
				GCC_PREPROCESSOR_DEFINITIONS = (
					"DEBUG=1",
					"$(inherited)",
				);
				GCC_WARN_64_TO_32_BIT_CONVERSION = YES;
				GCC_WARN_ABOUT_RETURN_TYPE = YES_ERROR;
				GCC_WARN_UNDECLARED_SELECTOR = YES;
				GCC_WARN_UNINITIALIZED_AUTOS = YES_AGGRESSIVE;
				GCC_WARN_UNUSED_FUNCTION = YES;
				GCC_WARN_UNUSED_VARIABLE = YES;
				IPHONEOS_DEPLOYMENT_TARGET = 12.1;
				MTL_ENABLE_DEBUG_INFO = INCLUDE_SOURCE;
				MTL_FAST_MATH = YES;
				ONLY_ACTIVE_ARCH = YES;
				SDKROOT = iphoneos;
				SWIFT_ACTIVE_COMPILATION_CONDITIONS = DEBUG;
				SWIFT_OPTIMIZATION_LEVEL = "-Onone";
			};
			name = Debug;
		};
		94A47517266911E200749133 /* Release */ = {
			isa = XCBuildConfiguration;
			buildSettings = {
				ALWAYS_SEARCH_USER_PATHS = NO;
				CLANG_ANALYZER_NONNULL = YES;
				CLANG_ANALYZER_NUMBER_OBJECT_CONVERSION = YES_AGGRESSIVE;
				CLANG_CXX_LANGUAGE_STANDARD = "gnu++14";
				CLANG_CXX_LIBRARY = "libc++";
				CLANG_ENABLE_MODULES = YES;
				CLANG_ENABLE_OBJC_ARC = YES;
				CLANG_ENABLE_OBJC_WEAK = YES;
				CLANG_WARN_BLOCK_CAPTURE_AUTORELEASING = YES;
				CLANG_WARN_BOOL_CONVERSION = YES;
				CLANG_WARN_COMMA = YES;
				CLANG_WARN_CONSTANT_CONVERSION = YES;
				CLANG_WARN_DEPRECATED_OBJC_IMPLEMENTATIONS = YES;
				CLANG_WARN_DIRECT_OBJC_ISA_USAGE = YES_ERROR;
				CLANG_WARN_DOCUMENTATION_COMMENTS = YES;
				CLANG_WARN_EMPTY_BODY = YES;
				CLANG_WARN_ENUM_CONVERSION = YES;
				CLANG_WARN_INFINITE_RECURSION = YES;
				CLANG_WARN_INT_CONVERSION = YES;
				CLANG_WARN_NON_LITERAL_NULL_CONVERSION = YES;
				CLANG_WARN_OBJC_IMPLICIT_RETAIN_SELF = YES;
				CLANG_WARN_OBJC_LITERAL_CONVERSION = YES;
				CLANG_WARN_OBJC_ROOT_CLASS = YES_ERROR;
				CLANG_WARN_QUOTED_INCLUDE_IN_FRAMEWORK_HEADER = YES;
				CLANG_WARN_RANGE_LOOP_ANALYSIS = YES;
				CLANG_WARN_STRICT_PROTOTYPES = YES;
				CLANG_WARN_SUSPICIOUS_MOVE = YES;
				CLANG_WARN_UNGUARDED_AVAILABILITY = YES_AGGRESSIVE;
				CLANG_WARN_UNREACHABLE_CODE = YES;
				CLANG_WARN__DUPLICATE_METHOD_MATCH = YES;
				COPY_PHASE_STRIP = NO;
				DEBUG_INFORMATION_FORMAT = "dwarf-with-dsym";
				ENABLE_NS_ASSERTIONS = NO;
				ENABLE_STRICT_OBJC_MSGSEND = YES;
				GCC_C_LANGUAGE_STANDARD = gnu11;
				GCC_NO_COMMON_BLOCKS = YES;
				GCC_WARN_64_TO_32_BIT_CONVERSION = YES;
				GCC_WARN_ABOUT_RETURN_TYPE = YES_ERROR;
				GCC_WARN_UNDECLARED_SELECTOR = YES;
				GCC_WARN_UNINITIALIZED_AUTOS = YES_AGGRESSIVE;
				GCC_WARN_UNUSED_FUNCTION = YES;
				GCC_WARN_UNUSED_VARIABLE = YES;
				IPHONEOS_DEPLOYMENT_TARGET = 12.1;
				MTL_ENABLE_DEBUG_INFO = NO;
				MTL_FAST_MATH = YES;
				SDKROOT = iphoneos;
				SWIFT_COMPILATION_MODE = wholemodule;
				SWIFT_OPTIMIZATION_LEVEL = "-O";
				VALIDATE_PRODUCT = YES;
			};
			name = Release;
		};
		94A47519266911E200749133 /* Debug */ = {
			isa = XCBuildConfiguration;
			baseConfigurationReference = 1B25ED57CA95FC531680D899 /* Pods-Pokedex.debug.xcconfig */;
			buildSettings = {
				ASSETCATALOG_COMPILER_APPICON_NAME = AppIcon;
				ASSETCATALOG_COMPILER_GLOBAL_ACCENT_COLOR_NAME = AccentColor;
				CODE_SIGN_STYLE = Automatic;
				DEVELOPMENT_TEAM = 67X9BYZLCK;
				INFOPLIST_FILE = Pokedex/Info.plist;
				IPHONEOS_DEPLOYMENT_TARGET = 12.1;
				LD_RUNPATH_SEARCH_PATHS = (
					"$(inherited)",
					"@executable_path/Frameworks",
				);
				PRODUCT_BUNDLE_IDENTIFIER = charleslima.Pokedex;
				PRODUCT_NAME = "$(TARGET_NAME)";
				SWIFT_VERSION = 5.0;
				TARGETED_DEVICE_FAMILY = 1;
			};
			name = Debug;
		};
		94A4751A266911E200749133 /* Release */ = {
			isa = XCBuildConfiguration;
			baseConfigurationReference = 00B3D1F636181CC185BD3FDB /* Pods-Pokedex.release.xcconfig */;
			buildSettings = {
				ASSETCATALOG_COMPILER_APPICON_NAME = AppIcon;
				ASSETCATALOG_COMPILER_GLOBAL_ACCENT_COLOR_NAME = AccentColor;
				CODE_SIGN_STYLE = Automatic;
				DEVELOPMENT_TEAM = 67X9BYZLCK;
				INFOPLIST_FILE = Pokedex/Info.plist;
				IPHONEOS_DEPLOYMENT_TARGET = 12.1;
				LD_RUNPATH_SEARCH_PATHS = (
					"$(inherited)",
					"@executable_path/Frameworks",
				);
				PRODUCT_BUNDLE_IDENTIFIER = charleslima.Pokedex;
				PRODUCT_NAME = "$(TARGET_NAME)";
				SWIFT_VERSION = 5.0;
				TARGETED_DEVICE_FAMILY = 1;
			};
			name = Release;
		};
		94A4751C266911E200749133 /* Debug */ = {
			isa = XCBuildConfiguration;
			baseConfigurationReference = 0ECC9ED28FBB401FD18137C6 /* Pods-PokedexTests.debug.xcconfig */;
			buildSettings = {
				ALWAYS_EMBED_SWIFT_STANDARD_LIBRARIES = YES;
				BUNDLE_LOADER = "$(TEST_HOST)";
				CODE_SIGN_STYLE = Automatic;
				DEVELOPMENT_TEAM = 67X9BYZLCK;
				INFOPLIST_FILE = PokedexTests/Info.plist;
				IPHONEOS_DEPLOYMENT_TARGET = 14.4;
				LD_RUNPATH_SEARCH_PATHS = (
					"$(inherited)",
					"@executable_path/Frameworks",
					"@loader_path/Frameworks",
				);
				PRODUCT_BUNDLE_IDENTIFIER = charleslima.PokedexTests;
				PRODUCT_NAME = "$(TARGET_NAME)";
				SWIFT_VERSION = 5.0;
				TARGETED_DEVICE_FAMILY = "1,2";
				TEST_HOST = "$(BUILT_PRODUCTS_DIR)/Pokedex.app/Pokedex";
			};
			name = Debug;
		};
		94A4751D266911E200749133 /* Release */ = {
			isa = XCBuildConfiguration;
			baseConfigurationReference = 7A89AF394D62FC1E31080B7F /* Pods-PokedexTests.release.xcconfig */;
			buildSettings = {
				ALWAYS_EMBED_SWIFT_STANDARD_LIBRARIES = YES;
				BUNDLE_LOADER = "$(TEST_HOST)";
				CODE_SIGN_STYLE = Automatic;
				DEVELOPMENT_TEAM = 67X9BYZLCK;
				INFOPLIST_FILE = PokedexTests/Info.plist;
				IPHONEOS_DEPLOYMENT_TARGET = 14.4;
				LD_RUNPATH_SEARCH_PATHS = (
					"$(inherited)",
					"@executable_path/Frameworks",
					"@loader_path/Frameworks",
				);
				PRODUCT_BUNDLE_IDENTIFIER = charleslima.PokedexTests;
				PRODUCT_NAME = "$(TARGET_NAME)";
				SWIFT_VERSION = 5.0;
				TARGETED_DEVICE_FAMILY = "1,2";
				TEST_HOST = "$(BUILT_PRODUCTS_DIR)/Pokedex.app/Pokedex";
			};
			name = Release;
		};
/* End XCBuildConfiguration section */

/* Begin XCConfigurationList section */
		94A474E9266911E100749133 /* Build configuration list for PBXProject "Pokedex" */ = {
			isa = XCConfigurationList;
			buildConfigurations = (
				94A47516266911E200749133 /* Debug */,
				94A47517266911E200749133 /* Release */,
			);
			defaultConfigurationIsVisible = 0;
			defaultConfigurationName = Release;
		};
		94A47518266911E200749133 /* Build configuration list for PBXNativeTarget "Pokedex" */ = {
			isa = XCConfigurationList;
			buildConfigurations = (
				94A47519266911E200749133 /* Debug */,
				94A4751A266911E200749133 /* Release */,
			);
			defaultConfigurationIsVisible = 0;
			defaultConfigurationName = Release;
		};
		94A4751B266911E200749133 /* Build configuration list for PBXNativeTarget "PokedexTests" */ = {
			isa = XCConfigurationList;
			buildConfigurations = (
				94A4751C266911E200749133 /* Debug */,
				94A4751D266911E200749133 /* Release */,
			);
			defaultConfigurationIsVisible = 0;
			defaultConfigurationName = Release;
		};
/* End XCConfigurationList section */
	};
	rootObject = 94A474E6266911E100749133 /* Project object */;
}
